{
  "nodes": {
    "alejandra": {
      "inputs": {
        "fenix": [
          "fenix"
        ],
        "flakeCompat": "flakeCompat",
        "nixpkgs": [
          "nixpkgs"
        ]
      },
      "locked": {
        "lastModified": 1694541876,
        "narHash": "sha256-lStDIPizbJipd1JpNKX1olBKzyIosyC2U/mVFwJPcZE=",
        "owner": "kamadorueda",
        "repo": "alejandra",
        "rev": "e53c2c6c6c103dc3f848dbd9fbd93ee7c69c109f",
        "type": "github"
      },
      "original": {
        "owner": "kamadorueda",
        "repo": "alejandra",
        "type": "github"
      }
    },
    "fenix": {
      "inputs": {
        "nixpkgs": [
          "nixpkgs"
        ],
        "rust-analyzer-src": "rust-analyzer-src"
      },
      "locked": {
        "lastModified": 1697264433,
        "narHash": "sha256-4VUSfyLkY+5ZPrD/N3GG8w9IKwp46TqzZs08auhtxq0=",
        "owner": "nix-community",
        "repo": "fenix",
        "rev": "89a969653519a0503027421999e3f3944e2184fe",
        "type": "github"
      },
      "original": {
        "owner": "nix-community",
        "repo": "fenix",
        "type": "github"
      }
    },
    "flakeCompat": {
      "flake": false,
      "locked": {
        "lastModified": 1650374568,
        "narHash": "sha256-Z+s0J8/r907g149rllvwhb4pKi8Wam5ij0st8PwAh+E=",
        "owner": "edolstra",
        "repo": "flake-compat",
        "rev": "b4a34015c698c7793d592d66adbab377907a2be8",
        "type": "github"
      },
      "original": {
        "owner": "edolstra",
        "repo": "flake-compat",
        "type": "github"
      }
    },
    "home-manager": {
      "inputs": {
        "nixpkgs": [
          "nixpkgs"
        ]
      },
      "locked": {
        "lastModified": 1697323135,
        "narHash": "sha256-tlAv11c0NIRTk2IzpFxYknHrveeFXojVyCTAMg749Zg=",
        "owner": "nix-community",
        "repo": "home-manager",
        "rev": "d4a5076ea8c2c063c45e0165f9f75f69ef583e20",
        "type": "github"
      },
      "original": {
        "owner": "nix-community",
        "repo": "home-manager",
        "type": "github"
      }
    },
    "nixpkgs": {
      "locked": {
        "lastModified": 1697009197,
        "narHash": "sha256-viVRhBTFT8fPJTb1N3brQIpFZnttmwo3JVKNuWRVc3s=",
        "owner": "NixOS",
        "repo": "nixpkgs",
        "rev": "01441e14af5e29c9d27ace398e6dd0b293e25a54",
        "type": "github"
      },
      "original": {
        "owner": "NixOS",
        "ref": "nixpkgs-unstable",
        "repo": "nixpkgs",
        "type": "github"
      }
    },
    "nurl": {
      "inputs": {
        "nixpkgs": [
          "nixpkgs"
        ]
      },
      "locked": {
        "lastModified": 1697292217,
        "narHash": "sha256-bU6zk/tke1hsVuoVkKAALZv1vvOSkWVKvHu5478Kl/A=",
        "owner": "nix-community",
        "repo": "nurl",
        "rev": "86c27bc7fa0522a5d26953f1f70662f9d192f3b2",
        "type": "github"
      },
      "original": {
        "owner": "nix-community",
        "repo": "nurl",
        "type": "github"
      }
    },
    "root": {
      "inputs": {
        "alejandra": "alejandra",
        "fenix": "fenix",
        "home-manager": "home-manager",
        "nixpkgs": "nixpkgs",
        "nurl": "nurl",
        "rust-overlay": "rust-overlay",
        "statix": "statix",
        "utils": "utils"
      }
    },
    "rust-analyzer-src": {
      "flake": false,
      "locked": {
        "lastModified": 1697182375,
        "narHash": "sha256-2PdPGgPyT8yf8P3ePzrnpdPEtTF3/7j7e0PUkVo8MWg=",
        "owner": "rust-lang",
        "repo": "rust-analyzer",
        "rev": "862693ff954660d169774c8ada4672fb96dabf36",
        "type": "github"
      },
      "original": {
        "owner": "rust-lang",
        "ref": "nightly",
        "repo": "rust-analyzer",
        "type": "github"
      }
    },
    "rust-overlay": {
      "inputs": {
        "flake-utils": [
          "utils"
        ],
        "nixpkgs": [
          "nixpkgs"
        ]
      },
      "locked": {
        "lastModified": 1697249410,
        "narHash": "sha256-OmsnxNsjBB1DJlUuJyzDJJ7psbm4/VzokNT+o0ajzFQ=",
        "owner": "oxalica",
        "repo": "rust-overlay",
        "rev": "dce60ca7fca201014868c08a612edb73a998310f",
        "type": "github"
      },
      "original": {
        "owner": "oxalica",
        "repo": "rust-overlay",
        "type": "github"
      }
    },
    "statix": {
      "inputs": {
        "fenix": [
          "fenix"
        ],
        "nixpkgs": [
          "nixpkgs"
        ]
      },
      "locked": {
        "lastModified": 1694259368,
        "narHash": "sha256-bMs3XMiGP6sXCqdjna4xoV6CANOIWuISSzCaL5LYY4c=",
        "owner": "nerdypepper",
        "repo": "statix",
        "rev": "d324490e45bcda1b664f28b6f88da8580deda76b",
        "type": "github"
      },
      "original": {
        "owner": "nerdypepper",
        "repo": "statix",
        "type": "github"
      }
    },
    "systems": {
      "locked": {
        "lastModified": 1681028828,
        "narHash": "sha256-Vy1rq5AaRuLzOxct8nz4T6wlgyUR7zLU309k9mBC768=",
        "owner": "nix-systems",
        "repo": "default",
        "rev": "da67096a3b9bf56a91d16901293e51ba5b49a27e",
        "type": "github"
      },
      "original": {
        "owner": "nix-systems",
        "repo": "default",
        "type": "github"
      }
    },
    "utils": {
      "inputs": {
        "systems": "systems"
      },
      "locked": {
        "lastModified": 1694529238,
        "narHash": "sha256-zsNZZGTGnMOf9YpHKJqMSsa0dXbfmxeoJ7xHlrt+xmY=",
        "owner": "numtide",
        "repo": "flake-utils",
        "rev": "ff7b65b44d01cf9ba6a71320833626af21126384",
        "type": "github"
      },
      "original": {
        "owner": "numtide",
        "repo": "flake-utils",
        "type": "github"
      }
    }
  },
  "root": "root",
  "version": 7
}
