{
  "nodes": {
    "alejandra": {
      "inputs": {
        "fenix": [
          "fenix"
        ],
        "flakeCompat": "flakeCompat",
        "nixpkgs": [
          "nixpkgs"
        ]
      },
      "locked": {
        "lastModified": 1692484559,
        "narHash": "sha256-2GtN4dOShBbZuM53hOJxCNJ8udAjaEBP1EhijnublGM=",
        "owner": "kamadorueda",
        "repo": "alejandra",
        "rev": "862262c37a4cb589106ec80a29127dee3860474a",
        "type": "github"
      },
      "original": {
        "owner": "kamadorueda",
        "repo": "alejandra",
        "type": "github"
      }
    },
    "fenix": {
      "inputs": {
        "nixpkgs": [
          "nixpkgs"
        ],
        "rust-analyzer-src": "rust-analyzer-src"
      },
      "locked": {
        "lastModified": 1693117181,
        "narHash": "sha256-LC4MUYim2zsYfuUOXcaSDIFHwzIcHbDmzDTBh5FXDBA=",
        "owner": "nix-community",
        "repo": "fenix",
        "rev": "8d8f72faedbf61b0f16b9d87c8f79076d7570202",
        "type": "github"
      },
      "original": {
        "owner": "nix-community",
        "repo": "fenix",
        "type": "github"
      }
    },
    "flakeCompat": {
      "flake": false,
      "locked": {
        "lastModified": 1650374568,
        "narHash": "sha256-Z+s0J8/r907g149rllvwhb4pKi8Wam5ij0st8PwAh+E=",
        "owner": "edolstra",
        "repo": "flake-compat",
        "rev": "b4a34015c698c7793d592d66adbab377907a2be8",
        "type": "github"
      },
      "original": {
        "owner": "edolstra",
        "repo": "flake-compat",
        "type": "github"
      }
    },
    "home-manager": {
      "inputs": {
        "nixpkgs": [
          "nixpkgs"
        ]
      },
      "locked": {
        "lastModified": 1693170594,
        "narHash": "sha256-7B8iugyTt26vVsYnXkLIack32r5uh//iZiSw+I1xiJU=",
        "owner": "nix-community",
        "repo": "home-manager",
        "rev": "43ec65ad553dab80a8f619e6e3e888002772ce58",
        "type": "github"
      },
      "original": {
        "owner": "nix-community",
        "repo": "home-manager",
        "type": "github"
      }
    },
    "nixpkgs": {
      "locked": {
        "lastModified": 1693060755,
        "narHash": "sha256-KNsbfqewEziFJEpPR0qvVz4rx0x6QXxw1CcunRhlFdk=",
        "owner": "NixOS",
        "repo": "nixpkgs",
        "rev": "c66ccfa00c643751da2fd9290e096ceaa30493fc",
        "type": "github"
      },
      "original": {
        "owner": "NixOS",
        "ref": "nixpkgs-unstable",
        "repo": "nixpkgs",
        "type": "github"
      }
    },
    "nurl": {
      "inputs": {
        "nixpkgs": [
          "nixpkgs"
        ]
      },
      "locked": {
        "lastModified": 1692983319,
        "narHash": "sha256-k7VinqgRJRiduNo4gWwBdrqsaPEEMYRAAnvkM3Lknbc=",
        "owner": "nix-community",
        "repo": "nurl",
        "rev": "fd4a8b6edc6ed2ea50357d985eb966446c9d8084",
        "type": "github"
      },
      "original": {
        "owner": "nix-community",
        "repo": "nurl",
        "type": "github"
      }
    },
    "root": {
      "inputs": {
        "alejandra": "alejandra",
        "fenix": "fenix",
        "home-manager": "home-manager",
        "nixpkgs": "nixpkgs",
        "nurl": "nurl",
        "rust-overlay": "rust-overlay",
        "statix": "statix",
        "utils": "utils"
      }
    },
    "rust-analyzer-src": {
      "flake": false,
      "locked": {
        "lastModified": 1692775770,
        "narHash": "sha256-LwoR5N1JHykSte2Ak+Pj/HjJ9fKy9zMJNEftfBJQkLs=",
        "owner": "rust-lang",
        "repo": "rust-analyzer",
        "rev": "f5b7c60ff7a79bfb3e10f3e98c81b7bb4cb53c68",
        "type": "github"
      },
      "original": {
        "owner": "rust-lang",
        "ref": "nightly",
        "repo": "rust-analyzer",
        "type": "github"
      }
    },
    "rust-overlay": {
      "inputs": {
        "flake-utils": [
          "utils"
        ],
        "nixpkgs": [
          "nixpkgs"
        ]
      },
      "locked": {
        "lastModified": 1693102271,
        "narHash": "sha256-JuxJYl7zZ9FUOA/3Az5OPYWQfH9Y8SvtqqFnPKB6zUw=",
        "owner": "oxalica",
        "repo": "rust-overlay",
        "rev": "1aac4029cfbc529f8b39c96d29fe1d09338f9110",
        "type": "github"
      },
      "original": {
        "owner": "oxalica",
        "repo": "rust-overlay",
        "type": "github"
      }
    },
    "statix": {
      "inputs": {
        "fenix": [
          "fenix"
        ],
        "nixpkgs": [
          "nixpkgs"
        ]
      },
      "locked": {
        "lastModified": 1688557644,
        "narHash": "sha256-4klwP2hANwk3P08isPmiTtejFdYz4s0wbtM9MihZn0Y=",
        "owner": "nerdypepper",
        "repo": "statix",
        "rev": "bcb3d10f2aaaa1e8392125b408b6c47f550fb7cf",
        "type": "github"
      },
      "original": {
        "owner": "nerdypepper",
        "repo": "statix",
        "type": "github"
      }
    },
    "systems": {
      "locked": {
        "lastModified": 1681028828,
        "narHash": "sha256-Vy1rq5AaRuLzOxct8nz4T6wlgyUR7zLU309k9mBC768=",
        "owner": "nix-systems",
        "repo": "default",
        "rev": "da67096a3b9bf56a91d16901293e51ba5b49a27e",
        "type": "github"
      },
      "original": {
        "owner": "nix-systems",
        "repo": "default",
        "type": "github"
      }
    },
    "utils": {
      "inputs": {
        "systems": "systems"
      },
      "locked": {
        "lastModified": 1692799911,
        "narHash": "sha256-3eihraek4qL744EvQXsK1Ha6C3CR7nnT8X2qWap4RNk=",
        "owner": "numtide",
        "repo": "flake-utils",
        "rev": "f9e7cf818399d17d347f847525c5a5a8032e4e44",
        "type": "github"
      },
      "original": {
        "owner": "numtide",
        "repo": "flake-utils",
        "type": "github"
      }
    }
  },
  "root": "root",
  "version": 7
}
